
Microsoft Visual Studio Solution File, Format Version 12.00
# Visual Studio Version 16
VisualStudioVersion = 16.0.34301.259
MinimumVisualStudioVersion = 10.0.40219.1
Project("{FAE04EC0-301F-11D3-BF4B-00C04F79EFBC}") = "afterservice", "afterservice\afterservice.csproj", "{DAEAF106-3DEF-40E4-A607-98C687371B1B}"
EndProject
Global
	GlobalSection(SolutionConfigurationPlatforms) = preSolution
		Debug|Any CPU = Debug|Any CPU
		Release|Any CPU = Release|Any CPU
	EndGlobalSection
	GlobalSection(ProjectConfigurationPlatforms) = postSolution
		{DAEAF106-3DEF-40E4-A607-98C687371B1B}.Debug|Any CPU.ActiveCfg = Debug|Any CPU
		{DAEAF106-3DEF-40E4-A607-98C687371B1B}.Debug|Any CPU.Build.0 = Debug|Any CPU
		{DAEAF106-3DEF-40E4-A607-98C687371B1B}.Release|Any CPU.ActiveCfg = Release|Any CPU
		{DAEAF106-3DEF-40E4-A607-98C687371B1B}.Release|Any CPU.Build.0 = Release|Any CPU
	EndGlobalSection
	GlobalSection(SolutionProperties) = preSolution
		HideSolutionNode = FALSE
	EndGlobalSection
	GlobalSection(ExtensibilityGlobals) = postSolution
		SolutionGuid = {ED305700-950E-4DF3-AA56-0A12E58CBA82}
	EndGlobalSection
EndGlobal
